
Microsoft Visual Studio Solution File, Format Version 12.00
# Visual Studio Version 17
VisualStudioVersion = 17.5.33414.496
MinimumVisualStudioVersion = 10.0.40219.1
Project("{FAE04EC0-301F-11D3-BF4B-00C04F79EFBC}") = "BilucaDialogue", "BilucaDialogue\BilucaDialogue.csproj", "{AEA7282E-F58C-4B41-AEAA-F2494861D7C6}"
EndProject
Global
	GlobalSection(SolutionConfigurationPlatforms) = preSolution
		Debug|Any CPU = Debug|Any CPU
		Release|Any CPU = Release|Any CPU
	EndGlobalSection
	GlobalSection(ProjectConfigurationPlatforms) = postSolution
		{AEA7282E-F58C-4B41-AEAA-F2494861D7C6}.Debug|Any CPU.ActiveCfg = Debug|Any CPU
		{AEA7282E-F58C-4B41-AEAA-F2494861D7C6}.Debug|Any CPU.Build.0 = Debug|Any CPU
		{AEA7282E-F58C-4B41-AEAA-F2494861D7C6}.Release|Any CPU.ActiveCfg = Release|Any CPU
		{AEA7282E-F58C-4B41-AEAA-F2494861D7C6}.Release|Any CPU.Build.0 = Release|Any CPU
	EndGlobalSection
	GlobalSection(SolutionProperties) = preSolution
		HideSolutionNode = FALSE
	EndGlobalSection
	GlobalSection(ExtensibilityGlobals) = postSolution
		SolutionGuid = {33583047-D458-4EC6-835E-B37F6A08864E}
	EndGlobalSection
EndGlobal
